
Microsoft Visual Studio Solution File, Format Version 12.00
# Visual Studio Version 17
VisualStudioVersion = 17.2.32630.192
MinimumVisualStudioVersion = 10.0.40219.1
Project("{9A19103F-16F7-4668-BE54-9A1E7A4F7556}") = "WebAppWithChart", "WebApplication7\WebAppWithChart.csproj", "{FC3E7469-2C3C-43B6-BA6A-E3E2EBF04731}"
EndProject
Project("{FAE04EC0-301F-11D3-BF4B-00C04F79EFBC}") = "classTest", "classTest\classTest.csproj", "{8882C69D-2CF7-481F-B873-E10A6DFFA6A8}"
EndProject
Project("{FAE04EC0-301F-11D3-BF4B-00C04F79EFBC}") = "UnitTestProject1", "UnitTestProject1\UnitTestProject1.csproj", "{5F34AEEC-378B-4F9D-BFF0-B49C0D889B46}"
EndProject
Global
	GlobalSection(SolutionConfigurationPlatforms) = preSolution
		Debug|Any CPU = Debug|Any CPU
		Release|Any CPU = Release|Any CPU
	EndGlobalSection
	GlobalSection(ProjectConfigurationPlatforms) = postSolution
		{FC3E7469-2C3C-43B6-BA6A-E3E2EBF04731}.Debug|Any CPU.ActiveCfg = Debug|Any CPU
		{FC3E7469-2C3C-43B6-BA6A-E3E2EBF04731}.Debug|Any CPU.Build.0 = Debug|Any CPU
		{FC3E7469-2C3C-43B6-BA6A-E3E2EBF04731}.Release|Any CPU.ActiveCfg = Release|Any CPU
		{FC3E7469-2C3C-43B6-BA6A-E3E2EBF04731}.Release|Any CPU.Build.0 = Release|Any CPU
		{8882C69D-2CF7-481F-B873-E10A6DFFA6A8}.Debug|Any CPU.ActiveCfg = Debug|Any CPU
		{8882C69D-2CF7-481F-B873-E10A6DFFA6A8}.Debug|Any CPU.Build.0 = Debug|Any CPU
		{8882C69D-2CF7-481F-B873-E10A6DFFA6A8}.Release|Any CPU.ActiveCfg = Release|Any CPU
		{8882C69D-2CF7-481F-B873-E10A6DFFA6A8}.Release|Any CPU.Build.0 = Release|Any CPU
		{5F34AEEC-378B-4F9D-BFF0-B49C0D889B46}.Debug|Any CPU.ActiveCfg = Debug|Any CPU
		{5F34AEEC-378B-4F9D-BFF0-B49C0D889B46}.Debug|Any CPU.Build.0 = Debug|Any CPU
		{5F34AEEC-378B-4F9D-BFF0-B49C0D889B46}.Release|Any CPU.ActiveCfg = Release|Any CPU
		{5F34AEEC-378B-4F9D-BFF0-B49C0D889B46}.Release|Any CPU.Build.0 = Release|Any CPU
	EndGlobalSection
	GlobalSection(SolutionProperties) = preSolution
		HideSolutionNode = FALSE
	EndGlobalSection
	GlobalSection(ExtensibilityGlobals) = postSolution
		SolutionGuid = {AF479E61-53AC-4A9B-9DEE-74A8C54C07F3}
	EndGlobalSection
EndGlobal
